// !$*UTF8*$!
{
	archiveVersion = 1;
	classes = {
	};
	objectVersion = 56;
	objects = {

/* Begin PBXBuildFile section */
		8C1372D22B02B4460017ED9F /* generateView.swift in Sources */ = {isa = PBXBuildFile; fileRef = 8C1372D12B02B4460017ED9F /* generateView.swift */; };
		8C1372D42B02B5800017ED9F /* helperClass.swift in Sources */ = {isa = PBXBuildFile; fileRef = 8C1372D32B02B5800017ED9F /* helperClass.swift */; };
		8C3239E02B0DEA4F001D3AFA /* colorModel.swift in Sources */ = {isa = PBXBuildFile; fileRef = 8C3239DF2B0DEA4F001D3AFA /* colorModel.swift */; };
		8C3A64032AFB2BA80074FAA5 /* GiveMePaletteIOSApp.swift in Sources */ = {isa = PBXBuildFile; fileRef = 8C3A64022AFB2BA80074FAA5 /* GiveMePaletteIOSApp.swift */; };
		8C3A64052AFB2BA80074FAA5 /* ContentView.swift in Sources */ = {isa = PBXBuildFile; fileRef = 8C3A64042AFB2BA80074FAA5 /* ContentView.swift */; };
		8C3A64072AFB2BAB0074FAA5 /* Assets.xcassets in Resources */ = {isa = PBXBuildFile; fileRef = 8C3A64062AFB2BAB0074FAA5 /* Assets.xcassets */; };
		8C3A640A2AFB2BAB0074FAA5 /* Preview Assets.xcassets in Resources */ = {isa = PBXBuildFile; fileRef = 8C3A64092AFB2BAB0074FAA5 /* Preview Assets.xcassets */; };
		8C3A640C2AFB2BAB0074FAA5 /* Persistence.swift in Sources */ = {isa = PBXBuildFile; fileRef = 8C3A640B2AFB2BAB0074FAA5 /* Persistence.swift */; };
		8C3A640F2AFB2BAB0074FAA5 /* GiveMePaletteIOS.xcdatamodeld in Sources */ = {isa = PBXBuildFile; fileRef = 8C3A640D2AFB2BAB0074FAA5 /* GiveMePaletteIOS.xcdatamodeld */; };
		8C3A64162AFB2C400074FAA5 /* AppMainView.swift in Sources */ = {isa = PBXBuildFile; fileRef = 8C3A64152AFB2C3F0074FAA5 /* AppMainView.swift */; };
		8C3A64182AFB39B50074FAA5 /* HomeView.swift in Sources */ = {isa = PBXBuildFile; fileRef = 8C3A64172AFB39B50074FAA5 /* HomeView.swift */; };
		8C3A64222AFB42EA0074FAA5 /* btnbgEnabled.png in Resources */ = {isa = PBXBuildFile; fileRef = 8C3A641F2AFB42EA0074FAA5 /* btnbgEnabled.png */; };
		8C3A64232AFB42EA0074FAA5 /* fieldbg.png in Resources */ = {isa = PBXBuildFile; fileRef = 8C3A64202AFB42EA0074FAA5 /* fieldbg.png */; };
		8C3A64242AFB42EA0074FAA5 /* btnbg.png in Resources */ = {isa = PBXBuildFile; fileRef = 8C3A64212AFB42EA0074FAA5 /* btnbg.png */; };
		8C82DFE02B04DD2D00951E9D /* savedView.swift in Sources */ = {isa = PBXBuildFile; fileRef = 8C82DFDF2B04DD2D00951E9D /* savedView.swift */; };
		8C82DFE22B04DE2C00951E9D /* tabBg.png in Resources */ = {isa = PBXBuildFile; fileRef = 8C82DFE12B04DE2C00951E9D /* tabBg.png */; };
		8C82DFE42B04DE4900951E9D /* tabBgDisabled.png in Resources */ = {isa = PBXBuildFile; fileRef = 8C82DFE32B04DE4800951E9D /* tabBgDisabled.png */; };
		8C9279A32B0A450200161173 /* UserDefaultsImpl.swift in Sources */ = {isa = PBXBuildFile; fileRef = 8C9279A22B0A450200161173 /* UserDefaultsImpl.swift */; };
		8CCA8FC82B0E75FC0004354D /* GenerateColorBottomSheet.swift in Sources */ = {isa = PBXBuildFile; fileRef = 8CCA8FC72B0E75FC0004354D /* GenerateColorBottomSheet.swift */; };
		8CF921CC2B0795FB001981CA /* colorHelper.swift in Sources */ = {isa = PBXBuildFile; fileRef = 8CF921CB2B0795FB001981CA /* colorHelper.swift */; };
		8CF921D12B079CC2001981CA /* ActivityIndicatorView in Frameworks */ = {isa = PBXBuildFile; productRef = 8CF921D02B079CC2001981CA /* ActivityIndicatorView */; };
		8CF921D32B07A0F7001981CA /* iconBg.png in Resources */ = {isa = PBXBuildFile; fileRef = 8CF921D22B07A0F6001981CA /* iconBg.png */; };
		8CF921D52B07A128001981CA /* saveBottomSheet.swift in Sources */ = {isa = PBXBuildFile; fileRef = 8CF921D42B07A128001981CA /* saveBottomSheet.swift */; };
		8CF962892B0E154200ADD647 /* exisitingColorBottomSheet.swift in Sources */ = {isa = PBXBuildFile; fileRef = 8CF962882B0E154200ADD647 /* exisitingColorBottomSheet.swift */; };
/* End PBXBuildFile section */

/* Begin PBXFileReference section */
		8C1372D12B02B4460017ED9F /* generateView.swift */ = {isa = PBXFileReference; lastKnownFileType = sourcecode.swift; path = generateView.swift; sourceTree = "<group>"; xcLanguageSpecificationIdentifier = xcode.lang.swift; };
		8C1372D32B02B5800017ED9F /* helperClass.swift */ = {isa = PBXFileReference; lastKnownFileType = sourcecode.swift; path = helperClass.swift; sourceTree = "<group>"; };
		8C3239DF2B0DEA4F001D3AFA /* colorModel.swift */ = {isa = PBXFileReference; lastKnownFileType = sourcecode.swift; path = colorModel.swift; sourceTree = "<group>"; };
		8C3A63FF2AFB2BA80074FAA5 /* GiveMePaletteIOS.app */ = {isa = PBXFileReference; explicitFileType = wrapper.application; includeInIndex = 0; path = GiveMePaletteIOS.app; sourceTree = BUILT_PRODUCTS_DIR; };
		8C3A64022AFB2BA80074FAA5 /* GiveMePaletteIOSApp.swift */ = {isa = PBXFileReference; lastKnownFileType = sourcecode.swift; path = GiveMePaletteIOSApp.swift; sourceTree = "<group>"; };
		8C3A64042AFB2BA80074FAA5 /* ContentView.swift */ = {isa = PBXFileReference; lastKnownFileType = sourcecode.swift; path = ContentView.swift; sourceTree = "<group>"; };
		8C3A64062AFB2BAB0074FAA5 /* Assets.xcassets */ = {isa = PBXFileReference; lastKnownFileType = folder.assetcatalog; path = Assets.xcassets; sourceTree = "<group>"; };
		8C3A64092AFB2BAB0074FAA5 /* Preview Assets.xcassets */ = {isa = PBXFileReference; lastKnownFileType = folder.assetcatalog; path = "Preview Assets.xcassets"; sourceTree = "<group>"; };
		8C3A640B2AFB2BAB0074FAA5 /* Persistence.swift */ = {isa = PBXFileReference; lastKnownFileType = sourcecode.swift; path = Persistence.swift; sourceTree = "<group>"; };
		8C3A640E2AFB2BAB0074FAA5 /* GiveMePaletteIOS.xcdatamodel */ = {isa = PBXFileReference; lastKnownFileType = wrapper.xcdatamodel; path = GiveMePaletteIOS.xcdatamodel; sourceTree = "<group>"; };
		8C3A64152AFB2C3F0074FAA5 /* AppMainView.swift */ = {isa = PBXFileReference; lastKnownFileType = sourcecode.swift; path = AppMainView.swift; sourceTree = "<group>"; };
		8C3A64172AFB39B50074FAA5 /* HomeView.swift */ = {isa = PBXFileReference; lastKnownFileType = sourcecode.swift; path = HomeView.swift; sourceTree = "<group>"; };
		8C3A641F2AFB42EA0074FAA5 /* btnbgEnabled.png */ = {isa = PBXFileReference; lastKnownFileType = image.png; path = btnbgEnabled.png; sourceTree = "<group>"; };
		8C3A64202AFB42EA0074FAA5 /* fieldbg.png */ = {isa = PBXFileReference; lastKnownFileType = image.png; path = fieldbg.png; sourceTree = "<group>"; };
		8C3A64212AFB42EA0074FAA5 /* btnbg.png */ = {isa = PBXFileReference; lastKnownFileType = image.png; path = btnbg.png; sourceTree = "<group>"; };
		8C82DFDF2B04DD2D00951E9D /* savedView.swift */ = {isa = PBXFileReference; lastKnownFileType = sourcecode.swift; path = savedView.swift; sourceTree = "<group>"; };
		8C82DFE12B04DE2C00951E9D /* tabBg.png */ = {isa = PBXFileReference; lastKnownFileType = image.png; path = tabBg.png; sourceTree = "<group>"; };
		8C82DFE32B04DE4800951E9D /* tabBgDisabled.png */ = {isa = PBXFileReference; lastKnownFileType = image.png; path = tabBgDisabled.png; sourceTree = "<group>"; };
		8C9279A22B0A450200161173 /* UserDefaultsImpl.swift */ = {isa = PBXFileReference; fileEncoding = 4; lastKnownFileType = sourcecode.swift; path = UserDefaultsImpl.swift; sourceTree = "<group>"; };
		8CCA8FC72B0E75FC0004354D /* GenerateColorBottomSheet.swift */ = {isa = PBXFileReference; lastKnownFileType = sourcecode.swift; path = GenerateColorBottomSheet.swift; sourceTree = "<group>"; };
		8CF921CB2B0795FB001981CA /* colorHelper.swift */ = {isa = PBXFileReference; lastKnownFileType = sourcecode.swift; path = colorHelper.swift; sourceTree = "<group>"; };
		8CF921D22B07A0F6001981CA /* iconBg.png */ = {isa = PBXFileReference; lastKnownFileType = image.png; path = iconBg.png; sourceTree = "<group>"; };
		8CF921D42B07A128001981CA /* saveBottomSheet.swift */ = {isa = PBXFileReference; lastKnownFileType = sourcecode.swift; path = saveBottomSheet.swift; sourceTree = "<group>"; };
		8CF962882B0E154200ADD647 /* exisitingColorBottomSheet.swift */ = {isa = PBXFileReference; lastKnownFileType = sourcecode.swift; path = exisitingColorBottomSheet.swift; sourceTree = "<group>"; };
/* End PBXFileReference section */

/* Begin PBXFrameworksBuildPhase section */
		8C3A63FC2AFB2BA80074FAA5 /* Frameworks */ = {
			isa = PBXFrameworksBuildPhase;
			buildActionMask = 2147483647;
			files = (
				8CF921D12B079CC2001981CA /* ActivityIndicatorView in Frameworks */,
			);
			runOnlyForDeploymentPostprocessing = 0;
		};
/* End PBXFrameworksBuildPhase section */

/* Begin PBXGroup section */
		8C3A63F62AFB2BA80074FAA5 = {
			isa = PBXGroup;
			children = (
				8C3A64012AFB2BA80074FAA5 /* GiveMePaletteIOS */,
				8C3A64002AFB2BA80074FAA5 /* Products */,
			);
			sourceTree = "<group>";
		};
		8C3A64002AFB2BA80074FAA5 /* Products */ = {
			isa = PBXGroup;
			children = (
				8C3A63FF2AFB2BA80074FAA5 /* GiveMePaletteIOS.app */,
			);
			name = Products;
			sourceTree = "<group>";
		};
		8C3A64012AFB2BA80074FAA5 /* GiveMePaletteIOS */ = {
			isa = PBXGroup;
			children = (
				8CF921D22B07A0F6001981CA /* iconBg.png */,
				8CF921CB2B0795FB001981CA /* colorHelper.swift */,
				8C82DFE32B04DE4800951E9D /* tabBgDisabled.png */,
				8C82DFE12B04DE2C00951E9D /* tabBg.png */,
				8C82DFDF2B04DD2D00951E9D /* savedView.swift */,
				8C3A64212AFB42EA0074FAA5 /* btnbg.png */,
				8C3A641F2AFB42EA0074FAA5 /* btnbgEnabled.png */,
				8C3A64202AFB42EA0074FAA5 /* fieldbg.png */,
				8C3A64022AFB2BA80074FAA5 /* GiveMePaletteIOSApp.swift */,
				8C3A64042AFB2BA80074FAA5 /* ContentView.swift */,
				8C3A64062AFB2BAB0074FAA5 /* Assets.xcassets */,
				8C3A640B2AFB2BAB0074FAA5 /* Persistence.swift */,
				8C3A640D2AFB2BAB0074FAA5 /* GiveMePaletteIOS.xcdatamodeld */,
				8C3A64082AFB2BAB0074FAA5 /* Preview Content */,
				8C3A64152AFB2C3F0074FAA5 /* AppMainView.swift */,
				8C3A64172AFB39B50074FAA5 /* HomeView.swift */,
				8C1372D12B02B4460017ED9F /* generateView.swift */,
				8C1372D32B02B5800017ED9F /* helperClass.swift */,
				8CF921D42B07A128001981CA /* saveBottomSheet.swift */,
				8C9279A22B0A450200161173 /* UserDefaultsImpl.swift */,
				8C3239DF2B0DEA4F001D3AFA /* colorModel.swift */,
				8CF962882B0E154200ADD647 /* exisitingColorBottomSheet.swift */,
				8CCA8FC72B0E75FC0004354D /* GenerateColorBottomSheet.swift */,
			);
			path = GiveMePaletteIOS;
			sourceTree = "<group>";
		};
		8C3A64082AFB2BAB0074FAA5 /* Preview Content */ = {
			isa = PBXGroup;
			children = (
				8C3A64092AFB2BAB0074FAA5 /* Preview Assets.xcassets */,
			);
			path = "Preview Content";
			sourceTree = "<group>";
		};
/* End PBXGroup section */

/* Begin PBXNativeTarget section */
		8C3A63FE2AFB2BA80074FAA5 /* GiveMePaletteIOS */ = {
			isa = PBXNativeTarget;
			buildConfigurationList = 8C3A64122AFB2BAB0074FAA5 /* Build configuration list for PBXNativeTarget "GiveMePaletteIOS" */;
			buildPhases = (
				8C3A63FB2AFB2BA80074FAA5 /* Sources */,
				8C3A63FC2AFB2BA80074FAA5 /* Frameworks */,
				8C3A63FD2AFB2BA80074FAA5 /* Resources */,
			);
			buildRules = (
			);
			dependencies = (
			);
			name = GiveMePaletteIOS;
			packageProductDependencies = (
				8CF921D02B079CC2001981CA /* ActivityIndicatorView */,
			);
			productName = GiveMePaletteIOS;
			productReference = 8C3A63FF2AFB2BA80074FAA5 /* GiveMePaletteIOS.app */;
			productType = "com.apple.product-type.application";
		};
/* End PBXNativeTarget section */

/* Begin PBXProject section */
		8C3A63F72AFB2BA80074FAA5 /* Project object */ = {
			isa = PBXProject;
			attributes = {
				BuildIndependentTargetsInParallel = 1;
				LastSwiftUpdateCheck = 1500;
				LastUpgradeCheck = 1500;
				TargetAttributes = {
					8C3A63FE2AFB2BA80074FAA5 = {
						CreatedOnToolsVersion = 15.0.1;
					};
				};
			};
			buildConfigurationList = 8C3A63FA2AFB2BA80074FAA5 /* Build configuration list for PBXProject "GiveMePaletteIOS" */;
			compatibilityVersion = "Xcode 14.0";
			developmentRegion = en;
			hasScannedForEncodings = 0;
			knownRegions = (
				en,
				Base,
			);
			mainGroup = 8C3A63F62AFB2BA80074FAA5;
			packageReferences = (
				8CF921CF2B079CC2001981CA /* XCRemoteSwiftPackageReference "ActivityIndicatorView" */,
			);
			productRefGroup = 8C3A64002AFB2BA80074FAA5 /* Products */;
			projectDirPath = "";
			projectRoot = "";
			targets = (
				8C3A63FE2AFB2BA80074FAA5 /* GiveMePaletteIOS */,
			);
		};
/* End PBXProject section */

/* Begin PBXResourcesBuildPhase section */
		8C3A63FD2AFB2BA80074FAA5 /* Resources */ = {
			isa = PBXResourcesBuildPhase;
			buildActionMask = 2147483647;
			files = (
				8C82DFE42B04DE4900951E9D /* tabBgDisabled.png in Resources */,
				8C3A64222AFB42EA0074FAA5 /* btnbgEnabled.png in Resources */,
				8C3A640A2AFB2BAB0074FAA5 /* Preview Assets.xcassets in Resources */,
				8C82DFE22B04DE2C00951E9D /* tabBg.png in Resources */,
				8C3A64242AFB42EA0074FAA5 /* btnbg.png in Resources */,
				8C3A64072AFB2BAB0074FAA5 /* Assets.xcassets in Resources */,
				8C3A64232AFB42EA0074FAA5 /* fieldbg.png in Resources */,
				8CF921D32B07A0F7001981CA /* iconBg.png in Resources */,
			);
			runOnlyForDeploymentPostprocessing = 0;
		};
/* End PBXResourcesBuildPhase section */

/* Begin PBXSourcesBuildPhase section */
		8C3A63FB2AFB2BA80074FAA5 /* Sources */ = {
			isa = PBXSourcesBuildPhase;
			buildActionMask = 2147483647;
			files = (
				8C1372D22B02B4460017ED9F /* generateView.swift in Sources */,
				8CF921CC2B0795FB001981CA /* colorHelper.swift in Sources */,
				8C3A640F2AFB2BAB0074FAA5 /* GiveMePaletteIOS.xcdatamodeld in Sources */,
				8C1372D42B02B5800017ED9F /* helperClass.swift in Sources */,
				8C3A64162AFB2C400074FAA5 /* AppMainView.swift in Sources */,
				8C3239E02B0DEA4F001D3AFA /* colorModel.swift in Sources */,
				8C3A640C2AFB2BAB0074FAA5 /* Persistence.swift in Sources */,
				8C3A64182AFB39B50074FAA5 /* HomeView.swift in Sources */,
				8CF921D52B07A128001981CA /* saveBottomSheet.swift in Sources */,
				8C82DFE02B04DD2D00951E9D /* savedView.swift in Sources */,
				8C3A64052AFB2BA80074FAA5 /* ContentView.swift in Sources */,
				8C3A64032AFB2BA80074FAA5 /* GiveMePaletteIOSApp.swift in Sources */,
				8C9279A32B0A450200161173 /* UserDefaultsImpl.swift in Sources */,
				8CCA8FC82B0E75FC0004354D /* GenerateColorBottomSheet.swift in Sources */,
				8CF962892B0E154200ADD647 /* exisitingColorBottomSheet.swift in Sources */,
			);
			runOnlyForDeploymentPostprocessing = 0;
		};
/* End PBXSourcesBuildPhase section */

/* Begin XCBuildConfiguration section */
		8C3A64102AFB2BAB0074FAA5 /* Debug */ = {
			isa = XCBuildConfiguration;
			buildSettings = {
				ALWAYS_SEARCH_USER_PATHS = NO;
				ASSETCATALOG_COMPILER_GENERATE_SWIFT_ASSET_SYMBOL_EXTENSIONS = YES;
				CLANG_ANALYZER_NONNULL = YES;
				CLANG_ANALYZER_NUMBER_OBJECT_CONVERSION = YES_AGGRESSIVE;
				CLANG_CXX_LANGUAGE_STANDARD = "gnu++20";
				CLANG_ENABLE_MODULES = YES;
				CLANG_ENABLE_OBJC_ARC = YES;
				CLANG_ENABLE_OBJC_WEAK = YES;
				CLANG_WARN_BLOCK_CAPTURE_AUTORELEASING = YES;
				CLANG_WARN_BOOL_CONVERSION = YES;
				CLANG_WARN_COMMA = YES;
				CLANG_WARN_CONSTANT_CONVERSION = YES;
				CLANG_WARN_DEPRECATED_OBJC_IMPLEMENTATIONS = YES;
				CLANG_WARN_DIRECT_OBJC_ISA_USAGE = YES_ERROR;
				CLANG_WARN_DOCUMENTATION_COMMENTS = YES;
				CLANG_WARN_EMPTY_BODY = YES;
				CLANG_WARN_ENUM_CONVERSION = YES;
				CLANG_WARN_INFINITE_RECURSION = YES;
				CLANG_WARN_INT_CONVERSION = YES;
				CLANG_WARN_NON_LITERAL_NULL_CONVERSION = YES;
				CLANG_WARN_OBJC_IMPLICIT_RETAIN_SELF = YES;
				CLANG_WARN_OBJC_LITERAL_CONVERSION = YES;
				CLANG_WARN_OBJC_ROOT_CLASS = YES_ERROR;
				CLANG_WARN_QUOTED_INCLUDE_IN_FRAMEWORK_HEADER = YES;
				CLANG_WARN_RANGE_LOOP_ANALYSIS = YES;
				CLANG_WARN_STRICT_PROTOTYPES = YES;
				CLANG_WARN_SUSPICIOUS_MOVE = YES;
				CLANG_WARN_UNGUARDED_AVAILABILITY = YES_AGGRESSIVE;
				CLANG_WARN_UNREACHABLE_CODE = YES;
				CLANG_WARN__DUPLICATE_METHOD_MATCH = YES;
				COPY_PHASE_STRIP = NO;
				DEBUG_INFORMATION_FORMAT = dwarf;
				ENABLE_STRICT_OBJC_MSGSEND = YES;
				ENABLE_TESTABILITY = YES;
				ENABLE_USER_SCRIPT_SANDBOXING = YES;
				GCC_C_LANGUAGE_STANDARD = gnu17;
				GCC_DYNAMIC_NO_PIC = NO;
				GCC_NO_COMMON_BLOCKS = YES;
				GCC_OPTIMIZATION_LEVEL = 0;
				GCC_PREPROCESSOR_DEFINITIONS = (
					"DEBUG=1",
					"$(inherited)",
				);
				GCC_WARN_64_TO_32_BIT_CONVERSION = YES;
				GCC_WARN_ABOUT_RETURN_TYPE = YES_ERROR;
				GCC_WARN_UNDECLARED_SELECTOR = YES;
				GCC_WARN_UNINITIALIZED_AUTOS = YES_AGGRESSIVE;
				GCC_WARN_UNUSED_FUNCTION = YES;
				GCC_WARN_UNUSED_VARIABLE = YES;
				IPHONEOS_DEPLOYMENT_TARGET = 17.0;
				LOCALIZATION_PREFERS_STRING_CATALOGS = YES;
				MTL_ENABLE_DEBUG_INFO = INCLUDE_SOURCE;
				MTL_FAST_MATH = YES;
				ONLY_ACTIVE_ARCH = YES;
				SDKROOT = iphoneos;
				SWIFT_ACTIVE_COMPILATION_CONDITIONS = "DEBUG $(inherited)";
				SWIFT_OPTIMIZATION_LEVEL = "-Onone";
			};
			name = Debug;
		};
		8C3A64112AFB2BAB0074FAA5 /* Release */ = {
			isa = XCBuildConfiguration;
			buildSettings = {
				ALWAYS_SEARCH_USER_PATHS = NO;
				ASSETCATALOG_COMPILER_GENERATE_SWIFT_ASSET_SYMBOL_EXTENSIONS = YES;
				CLANG_ANALYZER_NONNULL = YES;
				CLANG_ANALYZER_NUMBER_OBJECT_CONVERSION = YES_AGGRESSIVE;
				CLANG_CXX_LANGUAGE_STANDARD = "gnu++20";
				CLANG_ENABLE_MODULES = YES;
				CLANG_ENABLE_OBJC_ARC = YES;
				CLANG_ENABLE_OBJC_WEAK = YES;
				CLANG_WARN_BLOCK_CAPTURE_AUTORELEASING = YES;
				CLANG_WARN_BOOL_CONVERSION = YES;
				CLANG_WARN_COMMA = YES;
				CLANG_WARN_CONSTANT_CONVERSION = YES;
				CLANG_WARN_DEPRECATED_OBJC_IMPLEMENTATIONS = YES;
				CLANG_WARN_DIRECT_OBJC_ISA_USAGE = YES_ERROR;
				CLANG_WARN_DOCUMENTATION_COMMENTS = YES;
				CLANG_WARN_EMPTY_BODY = YES;
				CLANG_WARN_ENUM_CONVERSION = YES;
				CLANG_WARN_INFINITE_RECURSION = YES;
				CLANG_WARN_INT_CONVERSION = YES;
				CLANG_WARN_NON_LITERAL_NULL_CONVERSION = YES;
				CLANG_WARN_OBJC_IMPLICIT_RETAIN_SELF = YES;
				CLANG_WARN_OBJC_LITERAL_CONVERSION = YES;
				CLANG_WARN_OBJC_ROOT_CLASS = YES_ERROR;
				CLANG_WARN_QUOTED_INCLUDE_IN_FRAMEWORK_HEADER = YES;
				CLANG_WARN_RANGE_LOOP_ANALYSIS = YES;
				CLANG_WARN_STRICT_PROTOTYPES = YES;
				CLANG_WARN_SUSPICIOUS_MOVE = YES;
				CLANG_WARN_UNGUARDED_AVAILABILITY = YES_AGGRESSIVE;
				CLANG_WARN_UNREACHABLE_CODE = YES;
				CLANG_WARN__DUPLICATE_METHOD_MATCH = YES;
				COPY_PHASE_STRIP = NO;
				DEBUG_INFORMATION_FORMAT = "dwarf-with-dsym";
				ENABLE_NS_ASSERTIONS = NO;
				ENABLE_STRICT_OBJC_MSGSEND = YES;
				ENABLE_USER_SCRIPT_SANDBOXING = YES;
				GCC_C_LANGUAGE_STANDARD = gnu17;
				GCC_NO_COMMON_BLOCKS = YES;
				GCC_WARN_64_TO_32_BIT_CONVERSION = YES;
				GCC_WARN_ABOUT_RETURN_TYPE = YES_ERROR;
				GCC_WARN_UNDECLARED_SELECTOR = YES;
				GCC_WARN_UNINITIALIZED_AUTOS = YES_AGGRESSIVE;
				GCC_WARN_UNUSED_FUNCTION = YES;
				GCC_WARN_UNUSED_VARIABLE = YES;
				IPHONEOS_DEPLOYMENT_TARGET = 17.0;
				LOCALIZATION_PREFERS_STRING_CATALOGS = YES;
				MTL_ENABLE_DEBUG_INFO = NO;
				MTL_FAST_MATH = YES;
				SDKROOT = iphoneos;
				SWIFT_COMPILATION_MODE = wholemodule;
				VALIDATE_PRODUCT = YES;
			};
			name = Release;
		};
		8C3A64132AFB2BAB0074FAA5 /* Debug */ = {
			isa = XCBuildConfiguration;
			buildSettings = {
				ASSETCATALOG_COMPILER_APPICON_NAME = AppIcon;
				ASSETCATALOG_COMPILER_GLOBAL_ACCENT_COLOR_NAME = AccentColor;
				CODE_SIGN_STYLE = Automatic;
				CURRENT_PROJECT_VERSION = 1;
				DEVELOPMENT_ASSET_PATHS = "\"GiveMePaletteIOS/Preview Content\"";
				ENABLE_PREVIEWS = YES;
				GENERATE_INFOPLIST_FILE = YES;
				INFOPLIST_KEY_UIApplicationSceneManifest_Generation = YES;
				INFOPLIST_KEY_UIApplicationSupportsIndirectInputEvents = YES;
				INFOPLIST_KEY_UILaunchScreen_Generation = YES;
				INFOPLIST_KEY_UISupportedInterfaceOrientations_iPad = "UIInterfaceOrientationPortrait UIInterfaceOrientationPortraitUpsideDown UIInterfaceOrientationLandscapeLeft UIInterfaceOrientationLandscapeRight";
				INFOPLIST_KEY_UISupportedInterfaceOrientations_iPhone = "UIInterfaceOrientationPortrait UIInterfaceOrientationLandscapeLeft UIInterfaceOrientationLandscapeRight";
				LD_RUNPATH_SEARCH_PATHS = (
					"$(inherited)",
					"@executable_path/Frameworks",
				);
				MARKETING_VERSION = 1.0;
				PRODUCT_BUNDLE_IDENTIFIER = com.bhaskar.GiveMePaletteIOS;
				PRODUCT_NAME = "$(TARGET_NAME)";
				SWIFT_EMIT_LOC_STRINGS = YES;
				SWIFT_VERSION = 5.0;
				TARGETED_DEVICE_FAMILY = "1,2";
			};
			name = Debug;
		};
		8C3A64142AFB2BAB0074FAA5 /* Release */ = {
			isa = XCBuildConfiguration;
			buildSettings = {
				ASSETCATALOG_COMPILER_APPICON_NAME = AppIcon;
				ASSETCATALOG_COMPILER_GLOBAL_ACCENT_COLOR_NAME = AccentColor;
				CODE_SIGN_STYLE = Automatic;
				CURRENT_PROJECT_VERSION = 1;
				DEVELOPMENT_ASSET_PATHS = "\"GiveMePaletteIOS/Preview Content\"";
				ENABLE_PREVIEWS = YES;
				GENERATE_INFOPLIST_FILE = YES;
				INFOPLIST_KEY_UIApplicationSceneManifest_Generation = YES;
				INFOPLIST_KEY_UIApplicationSupportsIndirectInputEvents = YES;
				INFOPLIST_KEY_UILaunchScreen_Generation = YES;
				INFOPLIST_KEY_UISupportedInterfaceOrientations_iPad = "UIInterfaceOrientationPortrait UIInterfaceOrientationPortraitUpsideDown UIInterfaceOrientationLandscapeLeft UIInterfaceOrientationLandscapeRight";
				INFOPLIST_KEY_UISupportedInterfaceOrientations_iPhone = "UIInterfaceOrientationPortrait UIInterfaceOrientationLandscapeLeft UIInterfaceOrientationLandscapeRight";
				LD_RUNPATH_SEARCH_PATHS = (
					"$(inherited)",
					"@executable_path/Frameworks",
				);
				MARKETING_VERSION = 1.0;
				PRODUCT_BUNDLE_IDENTIFIER = com.bhaskar.GiveMePaletteIOS;
				PRODUCT_NAME = "$(TARGET_NAME)";
				SWIFT_EMIT_LOC_STRINGS = YES;
				SWIFT_VERSION = 5.0;
				TARGETED_DEVICE_FAMILY = "1,2";
			};
			name = Release;
		};
/* End XCBuildConfiguration section */

/* Begin XCConfigurationList section */
		8C3A63FA2AFB2BA80074FAA5 /* Build configuration list for PBXProject "GiveMePaletteIOS" */ = {
			isa = XCConfigurationList;
			buildConfigurations = (
				8C3A64102AFB2BAB0074FAA5 /* Debug */,
				8C3A64112AFB2BAB0074FAA5 /* Release */,
			);
			defaultConfigurationIsVisible = 0;
			defaultConfigurationName = Release;
		};
		8C3A64122AFB2BAB0074FAA5 /* Build configuration list for PBXNativeTarget "GiveMePaletteIOS" */ = {
			isa = XCConfigurationList;
			buildConfigurations = (
				8C3A64132AFB2BAB0074FAA5 /* Debug */,
				8C3A64142AFB2BAB0074FAA5 /* Release */,
			);
			defaultConfigurationIsVisible = 0;
			defaultConfigurationName = Release;
		};
/* End XCConfigurationList section */

/* Begin XCRemoteSwiftPackageReference section */
		8CF921CF2B079CC2001981CA /* XCRemoteSwiftPackageReference "ActivityIndicatorView" */ = {
			isa = XCRemoteSwiftPackageReference;
			repositoryURL = "https://github.com/exyte/ActivityIndicatorView";
			requirement = {
				kind = upToNextMajorVersion;
				minimumVersion = 1.1.1;
			};
		};
/* End XCRemoteSwiftPackageReference section */

/* Begin XCSwiftPackageProductDependency section */
		8CF921D02B079CC2001981CA /* ActivityIndicatorView */ = {
			isa = XCSwiftPackageProductDependency;
			package = 8CF921CF2B079CC2001981CA /* XCRemoteSwiftPackageReference "ActivityIndicatorView" */;
			productName = ActivityIndicatorView;
		};
/* End XCSwiftPackageProductDependency section */

/* Begin XCVersionGroup section */
		8C3A640D2AFB2BAB0074FAA5 /* GiveMePaletteIOS.xcdatamodeld */ = {
			isa = XCVersionGroup;
			children = (
				8C3A640E2AFB2BAB0074FAA5 /* GiveMePaletteIOS.xcdatamodel */,
			);
			currentVersion = 8C3A640E2AFB2BAB0074FAA5 /* GiveMePaletteIOS.xcdatamodel */;
			path = GiveMePaletteIOS.xcdatamodeld;
			sourceTree = "<group>";
			versionGroupType = wrapper.xcdatamodel;
		};
/* End XCVersionGroup section */
	};
	rootObject = 8C3A63F72AFB2BA80074FAA5 /* Project object */;
}
